
Microsoft Visual Studio Solution File, Format Version 12.00
# Visual Studio Version 17
VisualStudioVersion = 17.12.35506.116
MinimumVisualStudioVersion = 10.0.40219.1
Project("{FAE04EC0-301F-11D3-BF4B-00C04F79EFBC}") = "FoxyChanger", "FoxyChanger.csproj", "{D13B7831-B1EF-4F22-AB70-073EC27FAEAE}"
EndProject
Project("{54435603-DBB4-11D2-8724-00A0C9A8B90C}") = "FoxyChangerSetup", "FoxyChangerSetup\FoxyChangerSetup.vdproj", "{5BE65B5F-736D-43DF-B8DE-50DE6B25A3AC}"
EndProject
Global
	GlobalSection(SolutionConfigurationPlatforms) = preSolution
		Debug|Any CPU = Debug|Any CPU
		Release|Any CPU = Release|Any CPU
	EndGlobalSection
	GlobalSection(ProjectConfigurationPlatforms) = postSolution
		{D13B7831-B1EF-4F22-AB70-073EC27FAEAE}.Debug|Any CPU.ActiveCfg = Debug|Any CPU
		{D13B7831-B1EF-4F22-AB70-073EC27FAEAE}.Debug|Any CPU.Build.0 = Debug|Any CPU
		{D13B7831-B1EF-4F22-AB70-073EC27FAEAE}.Release|Any CPU.ActiveCfg = Release|Any CPU
		{D13B7831-B1EF-4F22-AB70-073EC27FAEAE}.Release|Any CPU.Build.0 = Release|Any CPU
		{5BE65B5F-736D-43DF-B8DE-50DE6B25A3AC}.Debug|Any CPU.ActiveCfg = Debug
		{5BE65B5F-736D-43DF-B8DE-50DE6B25A3AC}.Release|Any CPU.ActiveCfg = Release
	EndGlobalSection
	GlobalSection(SolutionProperties) = preSolution
		HideSolutionNode = FALSE
	EndGlobalSection
EndGlobal
